{
  "version": 1,
  "dependencies": {
    ".NETFramework,Version=v4.5.2": {},
    ".NETStandard,Version=v1.0": {
      "NETStandard.Library": {
        "type": "Direct",
        "requested": "[1.6.1, )",
        "resolved": "1.6.1",
        "contentHash": "k+luo/0FBIa9ATvBk8LCVybL+UCiffa/0CS01JFvfQmXljy6ZhC6bxqjb3jp9rMfS4xolM2WnqcW7mGlp8/dHg==",
        "dependencies": {
          "Microsoft.NETCore.Platforms": "1.1.0",
          "System.Collections": "4.3.0",
          "System.Diagnostics.Debug": "4.3.0",
          "System.Diagnostics.Tools": "4.3.0",
          "System.Globalization": "4.3.0",
          "System.IO": "4.3.0",
          "System.Linq": "4.3.0",
          "System.Linq.Expressions": "4.3.0",
          "System.Net.Primitives": "4.3.0",
          "System.ObjectModel": "4.3.0",
          "System.Reflection": "4.3.0",
          "System.Reflection.Extensions": "4.3.0",
          "System.Reflection.Primitives": "4.3.0",
          "System.Resources.ResourceManager": "4.3.0",
          "System.Runtime": "4.3.0",
          "System.Runtime.Extensions": "4.3.0",
          "System.Text.Encoding": "4.3.0",
          "System.Text.Encoding.Extensions": "4.3.0",
          "System.Text.RegularExpressions": "4.3.0",
          "System.Threading": "4.3.0",
          "System.Threading.Tasks": "4.3.0",
          "System.Xml.ReaderWriter": "4.3.0",
          "System.Xml.XDocument": "4.3.0"
        }
      },
      "Microsoft.NETCore.Platforms": {
        "type": "Transitive",
        "resolved": "1.1.0",
        "contentHash": "UIS1LTvltScDUcgB7Ir0Jp/uU57TNVXimKy8jqgDFrgoQydBM2QA+Sj+BzYPEXSaIGTobueQqfefrNxKuj9waQ=="
      },
      "Microsoft.NETCore.Targets": {
        "type": "Transitive",
        "resolved": "1.1.0",
        "contentHash": "qiHmMm/PBJZMXaDa/u47V6tzc5SfOrGITHZJpfHCDz/9jHLBTecRvPB0TbrkuZ4e4E934vH0X7rPpP1YketjbQ=="
      },
      "System.Collections": {
        "type": "Transitive",
        "resolved": "4.3.0",
        "contentHash": "cl0T/Dp1GhD9Z1P2X2pFb3ll54kC8P+jiIHWy71gPp2t4na6r6LZxUxHlHvB6/P2GqkNG+oMjwI3eYYU+gUpmA==",
        "dependencies": {
          "Microsoft.NETCore.Platforms": "1.1.0",
          "Microsoft.NETCore.Targets": "1.1.0",
          "System.Runtime": "4.3.0"
        }
      },
      "System.Diagnostics.Debug": {
        "type": "Transitive",
        "resolved": "4.3.0",
        "contentHash": "f+4tJUCCHPbcW3PVYHVcBtsIv8xhM0nkqeqOYVFY/GY0/wCI8PNwubIfX/+Xv2uhdIkvBscb2Srer9O/azossQ==",
        "dependencies": {
          "Microsoft.NETCore.Platforms": "1.1.0",
          "Microsoft.NETCore.Targets": "1.1.0",
          "System.Runtime": "4.3.0"
        }
      },
      "System.Diagnostics.Tools": {
        "type": "Transitive",
        "resolved": "4.3.0",
        "contentHash": "B5f2QYQ64GE9+VuEQH8WYRNdkicmN0VFrRRkvIvhVflibd3kiFgdot24XTxzmB1yqzzDUn2RFquuH/sYwCmETA==",
        "dependencies": {
          "Microsoft.NETCore.Platforms": "1.1.0",
          "Microsoft.NETCore.Targets": "1.1.0",
          "System.Runtime": "4.3.0"
        }
      },
      "System.Globalization": {
        "type": "Transitive",
        "resolved": "4.3.0",
        "contentHash": "MqSNe4b7Z0ZJ59x4DeAQJQlU147j1iqaeBoxi3O1B2liPZtagckqqdZyLgki+y2iaXkKJh/D7qs0ZqbXjK8c6g==",
        "dependencies": {
          "Microsoft.NETCore.Platforms": "1.1.0",
          "Microsoft.NETCore.Targets": "1.1.0",
          "System.Runtime": "4.3.0"
        }
      },
      "System.IO": {
        "type": "Transitive",
        "resolved": "4.3.0",
        "contentHash": "P0r+bLAZdGk1Mqgaiv7BRG0qEYl6zZXeDNRIu/DksFFRW8lpehfKqOypyDIBafTPujWUlpAfAK+vIXhOXJ4sIg==",
        "dependencies": {
          "Microsoft.NETCore.Platforms": "1.1.0",
          "Microsoft.NETCore.Targets": "1.1.0",
          "System.Runtime": "4.3.0",
          "System.Text.Encoding": "4.3.0",
          "System.Threading.Tasks": "4.3.0"
        }
      },
      "System.Linq": {
        "type": "Transitive",
        "resolved": "4.3.0",
        "contentHash": "PpMMe0A3Az0esfREQeU+XrAg5fx4AWPufJSpOQuUV1IWakYVlQUHPErjvHdmkqu60tT/mhdXYrxmiAXyiUHMcg==",
        "dependencies": {
          "System.Collections": "4.3.0",
          "System.Runtime": "4.3.0"
        }
      },
      "System.Linq.Expressions": {
        "type": "Transitive",
        "resolved": "4.3.0",
        "contentHash": "QhpMMVNADYZ25EWOi1qdwqX7k9arIQm+F5EIHTl5Zow7xCTwAPHY60QLwAFwOSHeNgg+3zLrag4beH+7MfOLQQ==",
        "dependencies": {
          "System.Reflection": "4.3.0",
          "System.Runtime": "4.3.0"
        }
      },
      "System.Net.Primitives": {
        "type": "Transitive",
        "resolved": "4.3.0",
        "contentHash": "855v8nW+cCkXYObFOlc18etK0UGP7R4EoSX6s3qG0iCo1ffmAfospa/G8O2z89I98mPFCOiH40r5rZIa2MN5pg==",
        "dependencies": {
          "Microsoft.NETCore.Platforms": "1.1.0",
          "Microsoft.NETCore.Targets": "1.1.0",
          "System.Runtime": "4.3.0"
        }
      },
      "System.ObjectModel": {
        "type": "Transitive",
        "resolved": "4.3.0",
        "contentHash": "MB6TBDkbFeas1o2bHXtjVo6mJKVYuDMalZ3eTLItDN7GoAafKkgkclL2hHCo7zdhAzjZWaK30S3Mj4ZaC9FIJw==",
        "dependencies": {
          "System.Runtime": "4.3.0"
        }
      },
      "System.Reflection": {
        "type": "Transitive",
        "resolved": "4.3.0",
        "contentHash": "6NbV4Vy5glax6IjHUx36Lcikg16cPWItiF+ExKEE+tg/CGHqIqpQYeSYNruqfx3RrUYyBQfJU+NP6CMC402t8w==",
        "dependencies": {
          "Microsoft.NETCore.Platforms": "1.1.0",
          "Microsoft.NETCore.Targets": "1.1.0",
          "System.IO": "4.3.0",
          "System.Reflection.Primitives": "4.3.0",
          "System.Runtime": "4.3.0"
        }
      },
      "System.Reflection.Extensions": {
        "type": "Transitive",
        "resolved": "4.3.0",
        "contentHash": "8OmabP7JX48BQUMcno2uGm7ZRIO+/q056ASVizMjQCNRiLUyM9KJQYNS9kSVRRcB5o7Hkf5YLfk/vm9wjTjOgQ==",
        "dependencies": {
          "Microsoft.NETCore.Platforms": "1.1.0",
          "Microsoft.NETCore.Targets": "1.1.0",
          "System.Reflection": "4.3.0",
          "System.Runtime": "4.3.0"
        }
      },
      "System.Reflection.Primitives": {
        "type": "Transitive",
        "resolved": "4.3.0",
        "contentHash": "7Ihk0x52CFhI1RyUo2LbVSfCsH8RlQOk1kJT5Wxzw2HfKNxMYuuikD6i0CI35zjNHa1yfLJ4Usmk8Lmq8pmgTw==",
        "dependencies": {
          "Microsoft.NETCore.Platforms": "1.1.0",
          "Microsoft.NETCore.Targets": "1.1.0",
          "System.Runtime": "4.3.0"
        }
      },
      "System.Resources.ResourceManager": {
        "type": "Transitive",
        "resolved": "4.3.0",
        "contentHash": "q3nJj0ZM7/ij629yNpot1nT16mMgpTepL7EjpKdzXoSDoNe7JdkiWV1QnA3BWVTth7hFNaK2aEC0chio4VQiaA==",
        "dependencies": {
          "Microsoft.NETCore.Platforms": "1.1.0",
          "Microsoft.NETCore.Targets": "1.1.0",
          "System.Globalization": "4.3.0",
          "System.Reflection": "4.3.0",
          "System.Runtime": "4.3.0"
        }
      },
      "System.Runtime": {
        "type": "Transitive",
        "resolved": "4.3.0",
        "contentHash": "vakxaS1sMRu5AC2/ys6xrxiL/rTFi0LcmglLz8G7cZjtnW7JKQ3QvL0IyDoPjaqgP+wiiGpf8baJvRrU8MokRQ==",
        "dependencies": {
          "Microsoft.NETCore.Platforms": "1.1.0",
          "Microsoft.NETCore.Targets": "1.1.0"
        }
      },
      "System.Runtime.Extensions": {
        "type": "Transitive",
        "resolved": "4.3.0",
        "contentHash": "Ni8oYHSQxWfASeCjPqGT1YlGrNAHxEPFiqT/BqKj4itICgRpdYyRX8iu2Jpg0MjkBaFArr5hVwGsMzAkr1EL9w==",
        "dependencies": {
          "Microsoft.NETCore.Platforms": "1.1.0",
          "Microsoft.NETCore.Targets": "1.1.0",
          "System.Runtime": "4.3.0"
        }
      },
      "System.Text.Encoding": {
        "type": "Transitive",
        "resolved": "4.3.0",
        "contentHash": "hxAoBce4tAQ/X7G9wEi8oVKX2JB2AziXjf3lSYWSrEdA60nbz2jkZjbSSgeFg7QjVHn3ZoiGXrY/wAUxPy12kw==",
        "dependencies": {
          "Microsoft.NETCore.Platforms": "1.1.0",
          "Microsoft.NETCore.Targets": "1.1.0",
          "System.Runtime": "4.3.0"
        }
      },
      "System.Text.Encoding.Extensions": {
        "type": "Transitive",
        "resolved": "4.3.0",
        "contentHash": "C4TmD5y5lfORcFt8OluTmyWs9TF79/YVvL8ig5eSBQWenOf/a+laKnXPzeQRsn8CirO72tvEQFW7n1wHyAMkBA==",
        "dependencies": {
          "Microsoft.NETCore.Platforms": "1.1.0",
          "Microsoft.NETCore.Targets": "1.1.0",
          "System.Runtime": "4.3.0",
          "System.Text.Encoding": "4.3.0"
        }
      },
      "System.Text.RegularExpressions": {
        "type": "Transitive",
        "resolved": "4.3.0",
        "contentHash": "hpqjSyW/aMOKdyOVe93zNz1HSPIBALGtgluWEOpdI8I4SXgNO2DOXKaHFqfkFnWUZqX01xVrEl5uoaekq+A9Zw==",
        "dependencies": {
          "System.Runtime": "4.3.0"
        }
      },
      "System.Threading": {
        "type": "Transitive",
        "resolved": "4.3.0",
        "contentHash": "fPY6cm2sUX7/G/XMeEWIGOwCkIa7Nz/z4oCuRElZoJfJMWRfvbCqJpnNrTAKyAgQ2z6OFrSUpROWND1DtFdE0g==",
        "dependencies": {
          "System.Runtime": "4.3.0",
          "System.Threading.Tasks": "4.3.0"
        }
      },
      "System.Threading.Tasks": {
        "type": "Transitive",
        "resolved": "4.3.0",
        "contentHash": "smqtw14Kp7tP04ezs/bYsyfSVgXe8BxlaAxVyjAAFl7DfPd1BhDiAdO4f5MJGa8XHADHrTXPI7vhx3LMft6atQ==",
        "dependencies": {
          "Microsoft.NETCore.Platforms": "1.1.0",
          "Microsoft.NETCore.Targets": "1.1.0",
          "System.Runtime": "4.3.0"
        }
      },
      "System.Xml.ReaderWriter": {
        "type": "Transitive",
        "resolved": "4.3.0",
        "contentHash": "FVcHnP8suCjKrPnOf+y8B212ySLioLTci87au9yLosH6kTIwWkz6l+l/xMxDq1x0aX8E0ELQdKbBduB9DjUz7w==",
        "dependencies": {
          "System.IO": "4.3.0",
          "System.Runtime": "4.3.0",
          "System.Text.Encoding": "4.3.0",
          "System.Threading.Tasks": "4.3.0"
        }
      },
      "System.Xml.XDocument": {
        "type": "Transitive",
        "resolved": "4.3.0",
        "contentHash": "lyMTeVrDhH9EJmb3CaaJ97DIr1A9qr8H7fhzhKPS+FCdp046zdo+nP+Cf4yxRMLpnyR7epdTovCx00XYwi/glg==",
        "dependencies": {
          "System.IO": "4.3.0",
          "System.Runtime": "4.3.0",
          "System.Xml.ReaderWriter": "4.3.0"
        }
      }
    },
    ".NETStandard,Version=v2.0": {
      "NETStandard.Library": {
        "type": "Direct",
        "requested": "[2.0.3, )",
        "resolved": "2.0.3",
        "contentHash": "lQZx7gP8XFJctwbeXJdR0EfmwVZIwa57B0Z6n8G54mMViiiX60jSPVxxrH9Tfn1cj1ZTkNb0VJGA0fGF0CIvMg==",
        "dependencies": {
          "Microsoft.NETCore.Platforms": "1.1.0"
        }
      },
      "Microsoft.NETCore.Platforms": {
        "type": "Transitive",
        "resolved": "1.1.0",
        "contentHash": "UIS1LTvltScDUcgB7Ir0Jp/uU57TNVXimKy8jqgDFrgoQydBM2QA+Sj+BzYPEXSaIGTobueQqfefrNxKuj9waQ=="
      }
    }
  }
}