
Microsoft Visual Studio Solution File, Format Version 12.00
# Visual Studio 15
VisualStudioVersion = 15.0.27130.2003
MinimumVisualStudioVersion = 10.0.40219.1
Project("{9A19103F-16F7-4668-BE54-9A1E7A4F7556}") = "AppCore.Diagnostics.Sources", "src\AppCore.Diagnostics.Sources\AppCore.Diagnostics.Sources.csproj", "{06329FDC-01D1-4263-A6F0-10187509B0E0}"
EndProject
Project("{9A19103F-16F7-4668-BE54-9A1E7A4F7556}") = "AppCore.TypeHelpers.Sources", "src\AppCore.TypeHelpers.Sources\AppCore.TypeHelpers.Sources.csproj", "{CA8ADEFF-3E1B-468A-BBC4-1CEE9B452320}"
EndProject
Project("{9A19103F-16F7-4668-BE54-9A1E7A4F7556}") = "AppCore.Diagnostics.Tests", "test\AppCore.Diagnostics.Tests\AppCore.Diagnostics.Tests.csproj", "{5C208DC4-2F47-4FE1-A470-A11FBC75155F}"
EndProject
Project("{9A19103F-16F7-4668-BE54-9A1E7A4F7556}") = "AppCore.TypeHelpers.Tests", "test\AppCore.TypeHelpers.Tests\AppCore.TypeHelpers.Tests.csproj", "{4B569448-625A-4CBD-8B09-ED681EDD9CD7}"
EndProject
Global
	GlobalSection(SolutionConfigurationPlatforms) = preSolution
		Debug|Any CPU = Debug|Any CPU
		Release|Any CPU = Release|Any CPU
	EndGlobalSection
	GlobalSection(ProjectConfigurationPlatforms) = postSolution
		{06329FDC-01D1-4263-A6F0-10187509B0E0}.Debug|Any CPU.ActiveCfg = Debug|Any CPU
		{06329FDC-01D1-4263-A6F0-10187509B0E0}.Debug|Any CPU.Build.0 = Debug|Any CPU
		{06329FDC-01D1-4263-A6F0-10187509B0E0}.Release|Any CPU.ActiveCfg = Release|Any CPU
		{06329FDC-01D1-4263-A6F0-10187509B0E0}.Release|Any CPU.Build.0 = Release|Any CPU
		{CA8ADEFF-3E1B-468A-BBC4-1CEE9B452320}.Debug|Any CPU.ActiveCfg = Debug|Any CPU
		{CA8ADEFF-3E1B-468A-BBC4-1CEE9B452320}.Debug|Any CPU.Build.0 = Debug|Any CPU
		{CA8ADEFF-3E1B-468A-BBC4-1CEE9B452320}.Release|Any CPU.ActiveCfg = Release|Any CPU
		{CA8ADEFF-3E1B-468A-BBC4-1CEE9B452320}.Release|Any CPU.Build.0 = Release|Any CPU
		{5C208DC4-2F47-4FE1-A470-A11FBC75155F}.Debug|Any CPU.ActiveCfg = Debug|Any CPU
		{5C208DC4-2F47-4FE1-A470-A11FBC75155F}.Debug|Any CPU.Build.0 = Debug|Any CPU
		{5C208DC4-2F47-4FE1-A470-A11FBC75155F}.Release|Any CPU.ActiveCfg = Release|Any CPU
		{5C208DC4-2F47-4FE1-A470-A11FBC75155F}.Release|Any CPU.Build.0 = Release|Any CPU
		{4B569448-625A-4CBD-8B09-ED681EDD9CD7}.Debug|Any CPU.ActiveCfg = Debug|Any CPU
		{4B569448-625A-4CBD-8B09-ED681EDD9CD7}.Debug|Any CPU.Build.0 = Debug|Any CPU
		{4B569448-625A-4CBD-8B09-ED681EDD9CD7}.Release|Any CPU.ActiveCfg = Release|Any CPU
		{4B569448-625A-4CBD-8B09-ED681EDD9CD7}.Release|Any CPU.Build.0 = Release|Any CPU
	EndGlobalSection
	GlobalSection(SolutionProperties) = preSolution
		HideSolutionNode = FALSE
	EndGlobalSection
	GlobalSection(ExtensibilityGlobals) = postSolution
		SolutionGuid = {F3F058AD-4CEF-4CB9-AB2B-2A47E5B954C8}
	EndGlobalSection
EndGlobal
